
Microsoft Visual Studio Solution File, Format Version 12.00
# Visual Studio 15
VisualStudioVersion = 15.0.28307.136
MinimumVisualStudioVersion = 10.0.40219.1
Project("{FAE04EC0-301F-11D3-BF4B-00C04F79EFBC}") = "MStringExtensions", "MStringExtensions\MStringExtensions.csproj", "{206886C7-A9F2-4D2B-8ACA-2D3F8648FBCB}"
EndProject
Project("{FAE04EC0-301F-11D3-BF4B-00C04F79EFBC}") = "Tests", "Tests\Tests.csproj", "{A4D80537-5976-4496-8A6F-1D31FA9FAB8F}"
EndProject
Global
	GlobalSection(SolutionConfigurationPlatforms) = preSolution
		Debug|Any CPU = Debug|Any CPU
		Release|Any CPU = Release|Any CPU
	EndGlobalSection
	GlobalSection(ProjectConfigurationPlatforms) = postSolution
		{206886C7-A9F2-4D2B-8ACA-2D3F8648FBCB}.Debug|Any CPU.ActiveCfg = Debug|Any CPU
		{206886C7-A9F2-4D2B-8ACA-2D3F8648FBCB}.Debug|Any CPU.Build.0 = Debug|Any CPU
		{206886C7-A9F2-4D2B-8ACA-2D3F8648FBCB}.Release|Any CPU.ActiveCfg = Release|Any CPU
		{206886C7-A9F2-4D2B-8ACA-2D3F8648FBCB}.Release|Any CPU.Build.0 = Release|Any CPU
		{A4D80537-5976-4496-8A6F-1D31FA9FAB8F}.Debug|Any CPU.ActiveCfg = Debug|Any CPU
		{A4D80537-5976-4496-8A6F-1D31FA9FAB8F}.Debug|Any CPU.Build.0 = Debug|Any CPU
		{A4D80537-5976-4496-8A6F-1D31FA9FAB8F}.Release|Any CPU.ActiveCfg = Release|Any CPU
		{A4D80537-5976-4496-8A6F-1D31FA9FAB8F}.Release|Any CPU.Build.0 = Release|Any CPU
	EndGlobalSection
	GlobalSection(SolutionProperties) = preSolution
		HideSolutionNode = FALSE
	EndGlobalSection
	GlobalSection(ExtensibilityGlobals) = postSolution
		SolutionGuid = {076983A9-6A76-4EB0-B137-F57E7807F2C7}
	EndGlobalSection
EndGlobal
